
Microsoft Visual Studio Solution File, Format Version 12.00
# Visual Studio 15
VisualStudioVersion = 15.0.26730.16
MinimumVisualStudioVersion = 10.0.40219.1
Project("{FAE04EC0-301F-11D3-BF4B-00C04F79EFBC}") = "TemplateEngine", "TemplateEngine\TemplateEngine.csproj", "{094C34F8-57B5-4008-B256-4E3FC10D4E76}"
EndProject
Project("{9A19103F-16F7-4668-BE54-9A1E7A4F7556}") = "Templates.WebAPICore2", "TemplateEngine\src\WebAPICore2\Templates.CoreWebAPI\Templates.WebAPICore2\Templates.WebAPICore2.csproj", "{CECFE687-3167-4DC1-BF55-91E3F5A4B1E4}"
EndProject
Project("{FAE04EC0-301F-11D3-BF4B-00C04F79EFBC}") = "Templates.WebAPI2", "TemplateEngine\src\WebAPI2\Templates.WebAPI2\Templates.WebAPI2.csproj", "{C2988476-2211-4716-BAFD-1FDD1019FBD6}"
EndProject
Project("{9A19103F-16F7-4668-BE54-9A1E7A4F7556}") = "Templates.MVC6Core", "TemplateEngine\src\MVC6Core\Templates.MVC6Core\Templates.MVC6Core.csproj", "{6B201309-BF5E-4DD0-89B0-854EBAB9FEBC}"
EndProject
Project("{9A19103F-16F7-4668-BE54-9A1E7A4F7556}") = "Templates.ClassLibraryCore", "TemplateEngine\src\ClassLibraryCore\Templates.ClassLibraryCore\Templates.ClassLibraryCore.csproj", "{95C2F7D2-0C6E-4203-9F17-18C1174C5EE0}"
EndProject
Project("{FAE04EC0-301F-11D3-BF4B-00C04F79EFBC}") = "Templates.ClassLibraryNet", "TemplateEngine\src\ClassLibraryNet\Templates.ClassLibraryNet\Templates.ClassLibraryNet.csproj", "{4494DAC2-4CF8-4A97-97DC-BC643A9ADA20}"
EndProject
Project("{9A19103F-16F7-4668-BE54-9A1E7A4F7556}") = "Templates.TestCore", "TemplateEngine\src\TestCore\Templates.TestCore\Templates.TestCore.csproj", "{628ECD87-D2C6-4838-936C-19B6E9212C6B}"
EndProject
Project("{FAE04EC0-301F-11D3-BF4B-00C04F79EFBC}") = "Templates.TestNet", "TemplateEngine\src\TestNet\Templates.TestNet\Templates.TestNet.csproj", "{E4235EE0-3694-48B5-9F6D-B5DC3277EF01}"
EndProject
Project("{FAE04EC0-301F-11D3-BF4B-00C04F79EFBC}") = "Templates.MVC6Net", "TemplateEngine\src\MVC6Net\Templates.MVC6Net\Templates.MVC6Net.csproj", "{721DA5DE-6727-463A-8726-5B28843D0976}"
EndProject
Global
	GlobalSection(SolutionConfigurationPlatforms) = preSolution
		Debug|Any CPU = Debug|Any CPU
		Dev|Any CPU = Dev|Any CPU
		Release|Any CPU = Release|Any CPU
		Stage|Any CPU = Stage|Any CPU
		xProduction|Any CPU = xProduction|Any CPU
	EndGlobalSection
	GlobalSection(ProjectConfigurationPlatforms) = postSolution
		{094C34F8-57B5-4008-B256-4E3FC10D4E76}.Debug|Any CPU.ActiveCfg = Debug|Any CPU
		{094C34F8-57B5-4008-B256-4E3FC10D4E76}.Debug|Any CPU.Build.0 = Debug|Any CPU
		{094C34F8-57B5-4008-B256-4E3FC10D4E76}.Dev|Any CPU.ActiveCfg = Dev|Any CPU
		{094C34F8-57B5-4008-B256-4E3FC10D4E76}.Dev|Any CPU.Build.0 = Dev|Any CPU
		{094C34F8-57B5-4008-B256-4E3FC10D4E76}.Release|Any CPU.ActiveCfg = xProduction|Any CPU
		{094C34F8-57B5-4008-B256-4E3FC10D4E76}.Release|Any CPU.Build.0 = xProduction|Any CPU
		{094C34F8-57B5-4008-B256-4E3FC10D4E76}.Stage|Any CPU.ActiveCfg = Stage|Any CPU
		{094C34F8-57B5-4008-B256-4E3FC10D4E76}.Stage|Any CPU.Build.0 = Stage|Any CPU
		{094C34F8-57B5-4008-B256-4E3FC10D4E76}.xProduction|Any CPU.ActiveCfg = xProduction|Any CPU
		{094C34F8-57B5-4008-B256-4E3FC10D4E76}.xProduction|Any CPU.Build.0 = xProduction|Any CPU
		{CECFE687-3167-4DC1-BF55-91E3F5A4B1E4}.Debug|Any CPU.ActiveCfg = Debug|Any CPU
		{CECFE687-3167-4DC1-BF55-91E3F5A4B1E4}.Debug|Any CPU.Build.0 = Debug|Any CPU
		{CECFE687-3167-4DC1-BF55-91E3F5A4B1E4}.Dev|Any CPU.ActiveCfg = Debug|Any CPU
		{CECFE687-3167-4DC1-BF55-91E3F5A4B1E4}.Dev|Any CPU.Build.0 = Debug|Any CPU
		{CECFE687-3167-4DC1-BF55-91E3F5A4B1E4}.Release|Any CPU.ActiveCfg = Release|Any CPU
		{CECFE687-3167-4DC1-BF55-91E3F5A4B1E4}.Release|Any CPU.Build.0 = Release|Any CPU
		{CECFE687-3167-4DC1-BF55-91E3F5A4B1E4}.Stage|Any CPU.ActiveCfg = Debug|Any CPU
		{CECFE687-3167-4DC1-BF55-91E3F5A4B1E4}.Stage|Any CPU.Build.0 = Debug|Any CPU
		{CECFE687-3167-4DC1-BF55-91E3F5A4B1E4}.xProduction|Any CPU.ActiveCfg = Debug|Any CPU
		{CECFE687-3167-4DC1-BF55-91E3F5A4B1E4}.xProduction|Any CPU.Build.0 = Debug|Any CPU
		{C2988476-2211-4716-BAFD-1FDD1019FBD6}.Debug|Any CPU.ActiveCfg = Debug|Any CPU
		{C2988476-2211-4716-BAFD-1FDD1019FBD6}.Debug|Any CPU.Build.0 = Debug|Any CPU
		{C2988476-2211-4716-BAFD-1FDD1019FBD6}.Dev|Any CPU.ActiveCfg = Debug|Any CPU
		{C2988476-2211-4716-BAFD-1FDD1019FBD6}.Dev|Any CPU.Build.0 = Debug|Any CPU
		{C2988476-2211-4716-BAFD-1FDD1019FBD6}.Release|Any CPU.ActiveCfg = Release|Any CPU
		{C2988476-2211-4716-BAFD-1FDD1019FBD6}.Release|Any CPU.Build.0 = Release|Any CPU
		{C2988476-2211-4716-BAFD-1FDD1019FBD6}.Stage|Any CPU.ActiveCfg = Release|Any CPU
		{C2988476-2211-4716-BAFD-1FDD1019FBD6}.Stage|Any CPU.Build.0 = Release|Any CPU
		{C2988476-2211-4716-BAFD-1FDD1019FBD6}.xProduction|Any CPU.ActiveCfg = Release|Any CPU
		{C2988476-2211-4716-BAFD-1FDD1019FBD6}.xProduction|Any CPU.Build.0 = Release|Any CPU
		{6B201309-BF5E-4DD0-89B0-854EBAB9FEBC}.Debug|Any CPU.ActiveCfg = Debug|Any CPU
		{6B201309-BF5E-4DD0-89B0-854EBAB9FEBC}.Debug|Any CPU.Build.0 = Debug|Any CPU
		{6B201309-BF5E-4DD0-89B0-854EBAB9FEBC}.Dev|Any CPU.ActiveCfg = Debug|Any CPU
		{6B201309-BF5E-4DD0-89B0-854EBAB9FEBC}.Dev|Any CPU.Build.0 = Debug|Any CPU
		{6B201309-BF5E-4DD0-89B0-854EBAB9FEBC}.Release|Any CPU.ActiveCfg = Release|Any CPU
		{6B201309-BF5E-4DD0-89B0-854EBAB9FEBC}.Release|Any CPU.Build.0 = Release|Any CPU
		{6B201309-BF5E-4DD0-89B0-854EBAB9FEBC}.Stage|Any CPU.ActiveCfg = Debug|Any CPU
		{6B201309-BF5E-4DD0-89B0-854EBAB9FEBC}.Stage|Any CPU.Build.0 = Debug|Any CPU
		{6B201309-BF5E-4DD0-89B0-854EBAB9FEBC}.xProduction|Any CPU.ActiveCfg = Debug|Any CPU
		{6B201309-BF5E-4DD0-89B0-854EBAB9FEBC}.xProduction|Any CPU.Build.0 = Debug|Any CPU
		{95C2F7D2-0C6E-4203-9F17-18C1174C5EE0}.Debug|Any CPU.ActiveCfg = Debug|Any CPU
		{95C2F7D2-0C6E-4203-9F17-18C1174C5EE0}.Debug|Any CPU.Build.0 = Debug|Any CPU
		{95C2F7D2-0C6E-4203-9F17-18C1174C5EE0}.Dev|Any CPU.ActiveCfg = Debug|Any CPU
		{95C2F7D2-0C6E-4203-9F17-18C1174C5EE0}.Dev|Any CPU.Build.0 = Debug|Any CPU
		{95C2F7D2-0C6E-4203-9F17-18C1174C5EE0}.Release|Any CPU.ActiveCfg = Release|Any CPU
		{95C2F7D2-0C6E-4203-9F17-18C1174C5EE0}.Release|Any CPU.Build.0 = Release|Any CPU
		{95C2F7D2-0C6E-4203-9F17-18C1174C5EE0}.Stage|Any CPU.ActiveCfg = Debug|Any CPU
		{95C2F7D2-0C6E-4203-9F17-18C1174C5EE0}.Stage|Any CPU.Build.0 = Debug|Any CPU
		{95C2F7D2-0C6E-4203-9F17-18C1174C5EE0}.xProduction|Any CPU.ActiveCfg = Debug|Any CPU
		{95C2F7D2-0C6E-4203-9F17-18C1174C5EE0}.xProduction|Any CPU.Build.0 = Debug|Any CPU
		{4494DAC2-4CF8-4A97-97DC-BC643A9ADA20}.Debug|Any CPU.ActiveCfg = Debug|Any CPU
		{4494DAC2-4CF8-4A97-97DC-BC643A9ADA20}.Debug|Any CPU.Build.0 = Debug|Any CPU
		{4494DAC2-4CF8-4A97-97DC-BC643A9ADA20}.Dev|Any CPU.ActiveCfg = Debug|Any CPU
		{4494DAC2-4CF8-4A97-97DC-BC643A9ADA20}.Dev|Any CPU.Build.0 = Debug|Any CPU
		{4494DAC2-4CF8-4A97-97DC-BC643A9ADA20}.Release|Any CPU.ActiveCfg = Release|Any CPU
		{4494DAC2-4CF8-4A97-97DC-BC643A9ADA20}.Release|Any CPU.Build.0 = Release|Any CPU
		{4494DAC2-4CF8-4A97-97DC-BC643A9ADA20}.Stage|Any CPU.ActiveCfg = Release|Any CPU
		{4494DAC2-4CF8-4A97-97DC-BC643A9ADA20}.Stage|Any CPU.Build.0 = Release|Any CPU
		{4494DAC2-4CF8-4A97-97DC-BC643A9ADA20}.xProduction|Any CPU.ActiveCfg = Release|Any CPU
		{4494DAC2-4CF8-4A97-97DC-BC643A9ADA20}.xProduction|Any CPU.Build.0 = Release|Any CPU
		{628ECD87-D2C6-4838-936C-19B6E9212C6B}.Debug|Any CPU.ActiveCfg = Debug|Any CPU
		{628ECD87-D2C6-4838-936C-19B6E9212C6B}.Debug|Any CPU.Build.0 = Debug|Any CPU
		{628ECD87-D2C6-4838-936C-19B6E9212C6B}.Dev|Any CPU.ActiveCfg = Debug|Any CPU
		{628ECD87-D2C6-4838-936C-19B6E9212C6B}.Dev|Any CPU.Build.0 = Debug|Any CPU
		{628ECD87-D2C6-4838-936C-19B6E9212C6B}.Release|Any CPU.ActiveCfg = Release|Any CPU
		{628ECD87-D2C6-4838-936C-19B6E9212C6B}.Release|Any CPU.Build.0 = Release|Any CPU
		{628ECD87-D2C6-4838-936C-19B6E9212C6B}.Stage|Any CPU.ActiveCfg = Debug|Any CPU
		{628ECD87-D2C6-4838-936C-19B6E9212C6B}.Stage|Any CPU.Build.0 = Debug|Any CPU
		{628ECD87-D2C6-4838-936C-19B6E9212C6B}.xProduction|Any CPU.ActiveCfg = Debug|Any CPU
		{628ECD87-D2C6-4838-936C-19B6E9212C6B}.xProduction|Any CPU.Build.0 = Debug|Any CPU
		{E4235EE0-3694-48B5-9F6D-B5DC3277EF01}.Debug|Any CPU.ActiveCfg = Debug|Any CPU
		{E4235EE0-3694-48B5-9F6D-B5DC3277EF01}.Debug|Any CPU.Build.0 = Debug|Any CPU
		{E4235EE0-3694-48B5-9F6D-B5DC3277EF01}.Dev|Any CPU.ActiveCfg = Debug|Any CPU
		{E4235EE0-3694-48B5-9F6D-B5DC3277EF01}.Dev|Any CPU.Build.0 = Debug|Any CPU
		{E4235EE0-3694-48B5-9F6D-B5DC3277EF01}.Release|Any CPU.ActiveCfg = Release|Any CPU
		{E4235EE0-3694-48B5-9F6D-B5DC3277EF01}.Release|Any CPU.Build.0 = Release|Any CPU
		{E4235EE0-3694-48B5-9F6D-B5DC3277EF01}.Stage|Any CPU.ActiveCfg = Release|Any CPU
		{E4235EE0-3694-48B5-9F6D-B5DC3277EF01}.Stage|Any CPU.Build.0 = Release|Any CPU
		{E4235EE0-3694-48B5-9F6D-B5DC3277EF01}.xProduction|Any CPU.ActiveCfg = Release|Any CPU
		{E4235EE0-3694-48B5-9F6D-B5DC3277EF01}.xProduction|Any CPU.Build.0 = Release|Any CPU
		{721DA5DE-6727-463A-8726-5B28843D0976}.Debug|Any CPU.ActiveCfg = Debug|Any CPU
		{721DA5DE-6727-463A-8726-5B28843D0976}.Debug|Any CPU.Build.0 = Debug|Any CPU
		{721DA5DE-6727-463A-8726-5B28843D0976}.Dev|Any CPU.ActiveCfg = Debug|Any CPU
		{721DA5DE-6727-463A-8726-5B28843D0976}.Dev|Any CPU.Build.0 = Debug|Any CPU
		{721DA5DE-6727-463A-8726-5B28843D0976}.Release|Any CPU.ActiveCfg = Release|Any CPU
		{721DA5DE-6727-463A-8726-5B28843D0976}.Release|Any CPU.Build.0 = Release|Any CPU
		{721DA5DE-6727-463A-8726-5B28843D0976}.Stage|Any CPU.ActiveCfg = Release|Any CPU
		{721DA5DE-6727-463A-8726-5B28843D0976}.Stage|Any CPU.Build.0 = Release|Any CPU
		{721DA5DE-6727-463A-8726-5B28843D0976}.xProduction|Any CPU.ActiveCfg = Release|Any CPU
		{721DA5DE-6727-463A-8726-5B28843D0976}.xProduction|Any CPU.Build.0 = Release|Any CPU
	EndGlobalSection
	GlobalSection(SolutionProperties) = preSolution
		HideSolutionNode = FALSE
	EndGlobalSection
	GlobalSection(ExtensibilityGlobals) = postSolution
		SolutionGuid = {8821440F-F0AB-4FF6-9DFC-11ED5BEBDB67}
	EndGlobalSection
EndGlobal
